// !$*UTF8*$!
{
	archiveVersion = 1;
	classes = {
	};
	objectVersion = 52;
	objects = {

/* Begin PBXBuildFile section */
		9195C5642B5010A900214B0B /* AppDelegate.swift in Sources */ = {isa = PBXBuildFile; fileRef = 9195C5632B5010A900214B0B /* AppDelegate.swift */; };
		9195C5662B5010A900214B0B /* SceneDelegate.swift in Sources */ = {isa = PBXBuildFile; fileRef = 9195C5652B5010A900214B0B /* SceneDelegate.swift */; };
		9195C5682B5010A900214B0B /* ViewController.swift in Sources */ = {isa = PBXBuildFile; fileRef = 9195C5672B5010A900214B0B /* ViewController.swift */; };
		9195C56B2B5010A900214B0B /* Main.storyboard in Resources */ = {isa = PBXBuildFile; fileRef = 9195C5692B5010A900214B0B /* Main.storyboard */; };
		9195C56D2B5010AA00214B0B /* Assets.xcassets in Resources */ = {isa = PBXBuildFile; fileRef = 9195C56C2B5010AA00214B0B /* Assets.xcassets */; };
		9195C5702B5010AA00214B0B /* LaunchScreen.storyboard in Resources */ = {isa = PBXBuildFile; fileRef = 9195C56E2B5010AA00214B0B /* LaunchScreen.storyboard */; };
		9195C57C2B50114300214B0B /* APIModel.swift in Sources */ = {isa = PBXBuildFile; fileRef = 9195C57B2B50114300214B0B /* APIModel.swift */; };
		91A662612B50165C0085E8D3 /* ep.mp4 in Resources */ = {isa = PBXBuildFile; fileRef = 91A662602B50165C0085E8D3 /* ep.mp4 */; };
		91A662642B50183E0085E8D3 /* HomeVC.swift in Sources */ = {isa = PBXBuildFile; fileRef = 91A662632B50183E0085E8D3 /* HomeVC.swift */; };
		91A662682B5022FE0085E8D3 /* CountryCell.swift in Sources */ = {isa = PBXBuildFile; fileRef = 91A662662B5022FE0085E8D3 /* CountryCell.swift */; };
		91A662692B5022FE0085E8D3 /* CountryCell.xib in Resources */ = {isa = PBXBuildFile; fileRef = 91A662672B5022FE0085E8D3 /* CountryCell.xib */; };
		91A6626F2B5025780085E8D3 /* Kingfisher in Frameworks */ = {isa = PBXBuildFile; productRef = 91A6626E2B5025780085E8D3 /* Kingfisher */; };
		91A662732B5025FF0085E8D3 /* Alamofire in Frameworks */ = {isa = PBXBuildFile; productRef = 91A662722B5025FF0085E8D3 /* Alamofire */; };
		91A662772B5026420085E8D3 /* SwiftyJSON in Frameworks */ = {isa = PBXBuildFile; productRef = 91A662762B5026420085E8D3 /* SwiftyJSON */; };
/* End PBXBuildFile section */

/* Begin PBXFileReference section */
		9195C5602B5010A900214B0B /* CallReastAPI.app */ = {isa = PBXFileReference; explicitFileType = wrapper.application; includeInIndex = 0; path = CallReastAPI.app; sourceTree = BUILT_PRODUCTS_DIR; };
		9195C5632B5010A900214B0B /* AppDelegate.swift */ = {isa = PBXFileReference; lastKnownFileType = sourcecode.swift; path = AppDelegate.swift; sourceTree = "<group>"; };
		9195C5652B5010A900214B0B /* SceneDelegate.swift */ = {isa = PBXFileReference; lastKnownFileType = sourcecode.swift; path = SceneDelegate.swift; sourceTree = "<group>"; };
		9195C5672B5010A900214B0B /* ViewController.swift */ = {isa = PBXFileReference; lastKnownFileType = sourcecode.swift; path = ViewController.swift; sourceTree = "<group>"; };
		9195C56A2B5010A900214B0B /* Base */ = {isa = PBXFileReference; lastKnownFileType = file.storyboard; name = Base; path = Base.lproj/Main.storyboard; sourceTree = "<group>"; };
		9195C56C2B5010AA00214B0B /* Assets.xcassets */ = {isa = PBXFileReference; lastKnownFileType = folder.assetcatalog; path = Assets.xcassets; sourceTree = "<group>"; };
		9195C56F2B5010AA00214B0B /* Base */ = {isa = PBXFileReference; lastKnownFileType = file.storyboard; name = Base; path = Base.lproj/LaunchScreen.storyboard; sourceTree = "<group>"; };
		9195C5712B5010AA00214B0B /* Info.plist */ = {isa = PBXFileReference; lastKnownFileType = text.plist.xml; path = Info.plist; sourceTree = "<group>"; };
		9195C57B2B50114300214B0B /* APIModel.swift */ = {isa = PBXFileReference; lastKnownFileType = sourcecode.swift; path = APIModel.swift; sourceTree = "<group>"; };
		91A662602B50165C0085E8D3 /* ep.mp4 */ = {isa = PBXFileReference; lastKnownFileType = file; path = ep.mp4; sourceTree = "<group>"; };
		91A662632B50183E0085E8D3 /* HomeVC.swift */ = {isa = PBXFileReference; lastKnownFileType = sourcecode.swift; path = HomeVC.swift; sourceTree = "<group>"; };
		91A662662B5022FE0085E8D3 /* CountryCell.swift */ = {isa = PBXFileReference; lastKnownFileType = sourcecode.swift; path = CountryCell.swift; sourceTree = "<group>"; };
		91A662672B5022FE0085E8D3 /* CountryCell.xib */ = {isa = PBXFileReference; lastKnownFileType = file.xib; path = CountryCell.xib; sourceTree = "<group>"; };
/* End PBXFileReference section */

/* Begin PBXFrameworksBuildPhase section */
		9195C55D2B5010A900214B0B /* Frameworks */ = {
			isa = PBXFrameworksBuildPhase;
			buildActionMask = 2147483647;
			files = (
				91A662772B5026420085E8D3 /* SwiftyJSON in Frameworks */,
				91A6626F2B5025780085E8D3 /* Kingfisher in Frameworks */,
				91A662732B5025FF0085E8D3 /* Alamofire in Frameworks */,
			);
			runOnlyForDeploymentPostprocessing = 0;
		};
/* End PBXFrameworksBuildPhase section */

/* Begin PBXGroup section */
		9195C5572B5010A900214B0B = {
			isa = PBXGroup;
			children = (
				9195C5622B5010A900214B0B /* CallReastAPI */,
				9195C5612B5010A900214B0B /* Products */,
			);
			sourceTree = "<group>";
		};
		9195C5612B5010A900214B0B /* Products */ = {
			isa = PBXGroup;
			children = (
				9195C5602B5010A900214B0B /* CallReastAPI.app */,
			);
			name = Products;
			sourceTree = "<group>";
		};
		9195C5622B5010A900214B0B /* CallReastAPI */ = {
			isa = PBXGroup;
			children = (
				9195C5632B5010A900214B0B /* AppDelegate.swift */,
				9195C5652B5010A900214B0B /* SceneDelegate.swift */,
				9195C5822B5014B500214B0B /* Resources */,
				9195C5782B5010F500214B0B /* Model */,
				9195C5792B5010FD00214B0B /* View */,
				9195C57A2B50110000214B0B /* Controller */,
				9195C56C2B5010AA00214B0B /* Assets.xcassets */,
				9195C5712B5010AA00214B0B /* Info.plist */,
			);
			path = CallReastAPI;
			sourceTree = "<group>";
		};
		9195C5782B5010F500214B0B /* Model */ = {
			isa = PBXGroup;
			children = (
				9195C57B2B50114300214B0B /* APIModel.swift */,
			);
			path = Model;
			sourceTree = "<group>";
		};
		9195C5792B5010FD00214B0B /* View */ = {
			isa = PBXGroup;
			children = (
				9195C5692B5010A900214B0B /* Main.storyboard */,
				9195C56E2B5010AA00214B0B /* LaunchScreen.storyboard */,
				91A662672B5022FE0085E8D3 /* CountryCell.xib */,
			);
			path = View;
			sourceTree = "<group>";
		};
		9195C57A2B50110000214B0B /* Controller */ = {
			isa = PBXGroup;
			children = (
				9195C5672B5010A900214B0B /* ViewController.swift */,
				91A662632B50183E0085E8D3 /* HomeVC.swift */,
				91A662662B5022FE0085E8D3 /* CountryCell.swift */,
			);
			path = Controller;
			sourceTree = "<group>";
		};
		9195C5822B5014B500214B0B /* Resources */ = {
			isa = PBXGroup;
			children = (
				91A662602B50165C0085E8D3 /* ep.mp4 */,
			);
			path = Resources;
			sourceTree = "<group>";
		};
/* End PBXGroup section */

/* Begin PBXNativeTarget section */
		9195C55F2B5010A900214B0B /* CallReastAPI */ = {
			isa = PBXNativeTarget;
			buildConfigurationList = 9195C5742B5010AA00214B0B /* Build configuration list for PBXNativeTarget "CallReastAPI" */;
			buildPhases = (
				9195C55C2B5010A900214B0B /* Sources */,
				9195C55D2B5010A900214B0B /* Frameworks */,
				9195C55E2B5010A900214B0B /* Resources */,
			);
			buildRules = (
			);
			dependencies = (
			);
			name = CallReastAPI;
			packageProductDependencies = (
				91A6626E2B5025780085E8D3 /* Kingfisher */,
				91A662722B5025FF0085E8D3 /* Alamofire */,
				91A662762B5026420085E8D3 /* SwiftyJSON */,
			);
			productName = CallReastAPI;
			productReference = 9195C5602B5010A900214B0B /* CallReastAPI.app */;
			productType = "com.apple.product-type.application";
		};
/* End PBXNativeTarget section */

/* Begin PBXProject section */
		9195C5582B5010A900214B0B /* Project object */ = {
			isa = PBXProject;
			attributes = {
				LastSwiftUpdateCheck = 1240;
				LastUpgradeCheck = 1240;
				TargetAttributes = {
					9195C55F2B5010A900214B0B = {
						CreatedOnToolsVersion = 12.4;
					};
				};
			};
			buildConfigurationList = 9195C55B2B5010A900214B0B /* Build configuration list for PBXProject "CallReastAPI" */;
			compatibilityVersion = "Xcode 9.3";
			developmentRegion = en;
			hasScannedForEncodings = 0;
			knownRegions = (
				en,
				Base,
			);
			mainGroup = 9195C5572B5010A900214B0B;
			packageReferences = (
				91A6626D2B5025780085E8D3 /* XCRemoteSwiftPackageReference "Kingfisher" */,
				91A662712B5025FF0085E8D3 /* XCRemoteSwiftPackageReference "Alamofire" */,
				91A662752B5026420085E8D3 /* XCRemoteSwiftPackageReference "SwiftyJSON" */,
			);
			productRefGroup = 9195C5612B5010A900214B0B /* Products */;
			projectDirPath = "";
			projectRoot = "";
			targets = (
				9195C55F2B5010A900214B0B /* CallReastAPI */,
			);
		};
/* End PBXProject section */

/* Begin PBXResourcesBuildPhase section */
		9195C55E2B5010A900214B0B /* Resources */ = {
			isa = PBXResourcesBuildPhase;
			buildActionMask = 2147483647;
			files = (
				91A662692B5022FE0085E8D3 /* CountryCell.xib in Resources */,
				9195C5702B5010AA00214B0B /* LaunchScreen.storyboard in Resources */,
				9195C56D2B5010AA00214B0B /* Assets.xcassets in Resources */,
				91A662612B50165C0085E8D3 /* ep.mp4 in Resources */,
				9195C56B2B5010A900214B0B /* Main.storyboard in Resources */,
			);
			runOnlyForDeploymentPostprocessing = 0;
		};
/* End PBXResourcesBuildPhase section */

/* Begin PBXSourcesBuildPhase section */
		9195C55C2B5010A900214B0B /* Sources */ = {
			isa = PBXSourcesBuildPhase;
			buildActionMask = 2147483647;
			files = (
				9195C57C2B50114300214B0B /* APIModel.swift in Sources */,
				9195C5682B5010A900214B0B /* ViewController.swift in Sources */,
				91A662642B50183E0085E8D3 /* HomeVC.swift in Sources */,
				9195C5642B5010A900214B0B /* AppDelegate.swift in Sources */,
				9195C5662B5010A900214B0B /* SceneDelegate.swift in Sources */,
				91A662682B5022FE0085E8D3 /* CountryCell.swift in Sources */,
			);
			runOnlyForDeploymentPostprocessing = 0;
		};
/* End PBXSourcesBuildPhase section */

/* Begin PBXVariantGroup section */
		9195C5692B5010A900214B0B /* Main.storyboard */ = {
			isa = PBXVariantGroup;
			children = (
				9195C56A2B5010A900214B0B /* Base */,
			);
			name = Main.storyboard;
			sourceTree = "<group>";
		};
		9195C56E2B5010AA00214B0B /* LaunchScreen.storyboard */ = {
			isa = PBXVariantGroup;
			children = (
				9195C56F2B5010AA00214B0B /* Base */,
			);
			name = LaunchScreen.storyboard;
			sourceTree = "<group>";
		};
/* End PBXVariantGroup section */

/* Begin XCBuildConfiguration section */
		9195C5722B5010AA00214B0B /* Debug */ = {
			isa = XCBuildConfiguration;
			buildSettings = {
				ALWAYS_SEARCH_USER_PATHS = NO;
				CLANG_ANALYZER_NONNULL = YES;
				CLANG_ANALYZER_NUMBER_OBJECT_CONVERSION = YES_AGGRESSIVE;
				CLANG_CXX_LANGUAGE_STANDARD = "gnu++14";
				CLANG_CXX_LIBRARY = "libc++";
				CLANG_ENABLE_MODULES = YES;
				CLANG_ENABLE_OBJC_ARC = YES;
				CLANG_ENABLE_OBJC_WEAK = YES;
				CLANG_WARN_BLOCK_CAPTURE_AUTORELEASING = YES;
				CLANG_WARN_BOOL_CONVERSION = YES;
				CLANG_WARN_COMMA = YES;
				CLANG_WARN_CONSTANT_CONVERSION = YES;
				CLANG_WARN_DEPRECATED_OBJC_IMPLEMENTATIONS = YES;
				CLANG_WARN_DIRECT_OBJC_ISA_USAGE = YES_ERROR;
				CLANG_WARN_DOCUMENTATION_COMMENTS = YES;
				CLANG_WARN_EMPTY_BODY = YES;
				CLANG_WARN_ENUM_CONVERSION = YES;
				CLANG_WARN_INFINITE_RECURSION = YES;
				CLANG_WARN_INT_CONVERSION = YES;
				CLANG_WARN_NON_LITERAL_NULL_CONVERSION = YES;
				CLANG_WARN_OBJC_IMPLICIT_RETAIN_SELF = YES;
				CLANG_WARN_OBJC_LITERAL_CONVERSION = YES;
				CLANG_WARN_OBJC_ROOT_CLASS = YES_ERROR;
				CLANG_WARN_QUOTED_INCLUDE_IN_FRAMEWORK_HEADER = YES;
				CLANG_WARN_RANGE_LOOP_ANALYSIS = YES;
				CLANG_WARN_STRICT_PROTOTYPES = YES;
				CLANG_WARN_SUSPICIOUS_MOVE = YES;
				CLANG_WARN_UNGUARDED_AVAILABILITY = YES_AGGRESSIVE;
				CLANG_WARN_UNREACHABLE_CODE = YES;
				CLANG_WARN__DUPLICATE_METHOD_MATCH = YES;
				COPY_PHASE_STRIP = NO;
				DEBUG_INFORMATION_FORMAT = dwarf;
				ENABLE_STRICT_OBJC_MSGSEND = YES;
				ENABLE_TESTABILITY = YES;
				GCC_C_LANGUAGE_STANDARD = gnu11;
				GCC_DYNAMIC_NO_PIC = NO;
				GCC_NO_COMMON_BLOCKS = YES;
				GCC_OPTIMIZATION_LEVEL = 0;
				GCC_PREPROCESSOR_DEFINITIONS = (
					"DEBUG=1",
					"$(inherited)",
				);
				GCC_WARN_64_TO_32_BIT_CONVERSION = YES;
				GCC_WARN_ABOUT_RETURN_TYPE = YES_ERROR;
				GCC_WARN_UNDECLARED_SELECTOR = YES;
				GCC_WARN_UNINITIALIZED_AUTOS = YES_AGGRESSIVE;
				GCC_WARN_UNUSED_FUNCTION = YES;
				GCC_WARN_UNUSED_VARIABLE = YES;
				IPHONEOS_DEPLOYMENT_TARGET = 14.4;
				MTL_ENABLE_DEBUG_INFO = INCLUDE_SOURCE;
				MTL_FAST_MATH = YES;
				ONLY_ACTIVE_ARCH = YES;
				SDKROOT = iphoneos;
				SWIFT_ACTIVE_COMPILATION_CONDITIONS = DEBUG;
				SWIFT_OPTIMIZATION_LEVEL = "-Onone";
			};
			name = Debug;
		};
		9195C5732B5010AA00214B0B /* Release */ = {
			isa = XCBuildConfiguration;
			buildSettings = {
				ALWAYS_SEARCH_USER_PATHS = NO;
				CLANG_ANALYZER_NONNULL = YES;
				CLANG_ANALYZER_NUMBER_OBJECT_CONVERSION = YES_AGGRESSIVE;
				CLANG_CXX_LANGUAGE_STANDARD = "gnu++14";
				CLANG_CXX_LIBRARY = "libc++";
				CLANG_ENABLE_MODULES = YES;
				CLANG_ENABLE_OBJC_ARC = YES;
				CLANG_ENABLE_OBJC_WEAK = YES;
				CLANG_WARN_BLOCK_CAPTURE_AUTORELEASING = YES;
				CLANG_WARN_BOOL_CONVERSION = YES;
				CLANG_WARN_COMMA = YES;
				CLANG_WARN_CONSTANT_CONVERSION = YES;
				CLANG_WARN_DEPRECATED_OBJC_IMPLEMENTATIONS = YES;
				CLANG_WARN_DIRECT_OBJC_ISA_USAGE = YES_ERROR;
				CLANG_WARN_DOCUMENTATION_COMMENTS = YES;
				CLANG_WARN_EMPTY_BODY = YES;
				CLANG_WARN_ENUM_CONVERSION = YES;
				CLANG_WARN_INFINITE_RECURSION = YES;
				CLANG_WARN_INT_CONVERSION = YES;
				CLANG_WARN_NON_LITERAL_NULL_CONVERSION = YES;
				CLANG_WARN_OBJC_IMPLICIT_RETAIN_SELF = YES;
				CLANG_WARN_OBJC_LITERAL_CONVERSION = YES;
				CLANG_WARN_OBJC_ROOT_CLASS = YES_ERROR;
				CLANG_WARN_QUOTED_INCLUDE_IN_FRAMEWORK_HEADER = YES;
				CLANG_WARN_RANGE_LOOP_ANALYSIS = YES;
				CLANG_WARN_STRICT_PROTOTYPES = YES;
				CLANG_WARN_SUSPICIOUS_MOVE = YES;
				CLANG_WARN_UNGUARDED_AVAILABILITY = YES_AGGRESSIVE;
				CLANG_WARN_UNREACHABLE_CODE = YES;
				CLANG_WARN__DUPLICATE_METHOD_MATCH = YES;
				COPY_PHASE_STRIP = NO;
				DEBUG_INFORMATION_FORMAT = "dwarf-with-dsym";
				ENABLE_NS_ASSERTIONS = NO;
				ENABLE_STRICT_OBJC_MSGSEND = YES;
				GCC_C_LANGUAGE_STANDARD = gnu11;
				GCC_NO_COMMON_BLOCKS = YES;
				GCC_WARN_64_TO_32_BIT_CONVERSION = YES;
				GCC_WARN_ABOUT_RETURN_TYPE = YES_ERROR;
				GCC_WARN_UNDECLARED_SELECTOR = YES;
				GCC_WARN_UNINITIALIZED_AUTOS = YES_AGGRESSIVE;
				GCC_WARN_UNUSED_FUNCTION = YES;
				GCC_WARN_UNUSED_VARIABLE = YES;
				IPHONEOS_DEPLOYMENT_TARGET = 14.4;
				MTL_ENABLE_DEBUG_INFO = NO;
				MTL_FAST_MATH = YES;
				SDKROOT = iphoneos;
				SWIFT_COMPILATION_MODE = wholemodule;
				SWIFT_OPTIMIZATION_LEVEL = "-O";
				VALIDATE_PRODUCT = YES;
			};
			name = Release;
		};
		9195C5752B5010AA00214B0B /* Debug */ = {
			isa = XCBuildConfiguration;
			buildSettings = {
				ASSETCATALOG_COMPILER_APPICON_NAME = AppIcon;
				ASSETCATALOG_COMPILER_GLOBAL_ACCENT_COLOR_NAME = AccentColor;
				CODE_SIGN_STYLE = Automatic;
				INFOPLIST_FILE = CallReastAPI/Info.plist;
				LD_RUNPATH_SEARCH_PATHS = (
					"$(inherited)",
					"@executable_path/Frameworks",
				);
				PRODUCT_BUNDLE_IDENTIFIER = "Nirmal-Prajapati.CallReastAPI";
				PRODUCT_NAME = "$(TARGET_NAME)";
				SWIFT_VERSION = 5.0;
				TARGETED_DEVICE_FAMILY = "1,2";
			};
			name = Debug;
		};
		9195C5762B5010AA00214B0B /* Release */ = {
			isa = XCBuildConfiguration;
			buildSettings = {
				ASSETCATALOG_COMPILER_APPICON_NAME = AppIcon;
				ASSETCATALOG_COMPILER_GLOBAL_ACCENT_COLOR_NAME = AccentColor;
				CODE_SIGN_STYLE = Automatic;
				INFOPLIST_FILE = CallReastAPI/Info.plist;
				LD_RUNPATH_SEARCH_PATHS = (
					"$(inherited)",
					"@executable_path/Frameworks",
				);
				PRODUCT_BUNDLE_IDENTIFIER = "Nirmal-Prajapati.CallReastAPI";
				PRODUCT_NAME = "$(TARGET_NAME)";
				SWIFT_VERSION = 5.0;
				TARGETED_DEVICE_FAMILY = "1,2";
			};
			name = Release;
		};
/* End XCBuildConfiguration section */

/* Begin XCConfigurationList section */
		9195C55B2B5010A900214B0B /* Build configuration list for PBXProject "CallReastAPI" */ = {
			isa = XCConfigurationList;
			buildConfigurations = (
				9195C5722B5010AA00214B0B /* Debug */,
				9195C5732B5010AA00214B0B /* Release */,
			);
			defaultConfigurationIsVisible = 0;
			defaultConfigurationName = Release;
		};
		9195C5742B5010AA00214B0B /* Build configuration list for PBXNativeTarget "CallReastAPI" */ = {
			isa = XCConfigurationList;
			buildConfigurations = (
				9195C5752B5010AA00214B0B /* Debug */,
				9195C5762B5010AA00214B0B /* Release */,
			);
			defaultConfigurationIsVisible = 0;
			defaultConfigurationName = Release;
		};
/* End XCConfigurationList section */

/* Begin XCRemoteSwiftPackageReference section */
		91A6626D2B5025780085E8D3 /* XCRemoteSwiftPackageReference "Kingfisher" */ = {
			isa = XCRemoteSwiftPackageReference;
			repositoryURL = "https://github.com/onevcat/Kingfisher.git";
			requirement = {
				kind = upToNextMajorVersion;
				minimumVersion = 7.10.1;
			};
		};
		91A662712B5025FF0085E8D3 /* XCRemoteSwiftPackageReference "Alamofire" */ = {
			isa = XCRemoteSwiftPackageReference;
			repositoryURL = "https://github.com/Alamofire/Alamofire.git";
			requirement = {
				kind = upToNextMajorVersion;
				minimumVersion = 5.2.0;
			};
		};
		91A662752B5026420085E8D3 /* XCRemoteSwiftPackageReference "SwiftyJSON" */ = {
			isa = XCRemoteSwiftPackageReference;
			repositoryURL = "https://github.com/SwiftyJSON/SwiftyJSON.git";
			requirement = {
				kind = upToNextMajorVersion;
				minimumVersion = 5.0.1;
			};
		};
/* End XCRemoteSwiftPackageReference section */

/* Begin XCSwiftPackageProductDependency section */
		91A6626E2B5025780085E8D3 /* Kingfisher */ = {
			isa = XCSwiftPackageProductDependency;
			package = 91A6626D2B5025780085E8D3 /* XCRemoteSwiftPackageReference "Kingfisher" */;
			productName = Kingfisher;
		};
		91A662722B5025FF0085E8D3 /* Alamofire */ = {
			isa = XCSwiftPackageProductDependency;
			package = 91A662712B5025FF0085E8D3 /* XCRemoteSwiftPackageReference "Alamofire" */;
			productName = Alamofire;
		};
		91A662762B5026420085E8D3 /* SwiftyJSON */ = {
			isa = XCSwiftPackageProductDependency;
			package = 91A662752B5026420085E8D3 /* XCRemoteSwiftPackageReference "SwiftyJSON" */;
			productName = SwiftyJSON;
		};
/* End XCSwiftPackageProductDependency section */
	};
	rootObject = 9195C5582B5010A900214B0B /* Project object */;
}
